// !$*UTF8*$!
{
	archiveVersion = 1;
	classes = {
	};
	objectVersion = 55;
	objects = {

/* Begin PBXBuildFile section */
		5BF65BE47DA4C578AC58E4B6 /* Pods_Crowd_Source_Crowd_SourceUITests.framework in Frameworks */ = {isa = PBXBuildFile; fileRef = 1FFED26900C75D4F4D90DFB6 /* Pods_Crowd_Source_Crowd_SourceUITests.framework */; };
		806D4EE32808958E006A781F /* ProfileViewController.swift in Sources */ = {isa = PBXBuildFile; fileRef = 806D4EE22808958E006A781F /* ProfileViewController.swift */; };
		80ECF8D527FE0D83004102B4 /* LoginViewController.swift in Sources */ = {isa = PBXBuildFile; fileRef = 80ECF8D427FE0D83004102B4 /* LoginViewController.swift */; };
		A8E4A89A13E648883ABD97E1 /* Pods_Crowd_Source.framework in Frameworks */ = {isa = PBXBuildFile; fileRef = 358D8B3DEA3E6F3093A50CEA /* Pods_Crowd_Source.framework */; };
		C3D7B6E940637AE89B6D42AF /* Pods_Crowd_SourceTests.framework in Frameworks */ = {isa = PBXBuildFile; fileRef = F0546D8C3B94126D7F4E5C60 /* Pods_Crowd_SourceTests.framework */; };
		F504970127E65723002A44CA /* AppDelegate.swift in Sources */ = {isa = PBXBuildFile; fileRef = F504970027E65723002A44CA /* AppDelegate.swift */; };
		F504970327E65723002A44CA /* SceneDelegate.swift in Sources */ = {isa = PBXBuildFile; fileRef = F504970227E65723002A44CA /* SceneDelegate.swift */; };
		F504970527E65723002A44CA /* ViewController.swift in Sources */ = {isa = PBXBuildFile; fileRef = F504970427E65723002A44CA /* ViewController.swift */; };
		F504970827E65723002A44CA /* Main.storyboard in Resources */ = {isa = PBXBuildFile; fileRef = F504970627E65723002A44CA /* Main.storyboard */; };
		F504970A27E65726002A44CA /* Assets.xcassets in Resources */ = {isa = PBXBuildFile; fileRef = F504970927E65726002A44CA /* Assets.xcassets */; };
		F504970D27E65726002A44CA /* LaunchScreen.storyboard in Resources */ = {isa = PBXBuildFile; fileRef = F504970B27E65726002A44CA /* LaunchScreen.storyboard */; };
		F504971827E65727002A44CA /* Crowd_SourceTests.swift in Sources */ = {isa = PBXBuildFile; fileRef = F504971727E65727002A44CA /* Crowd_SourceTests.swift */; };
		F504972227E65727002A44CA /* Crowd_SourceUITests.swift in Sources */ = {isa = PBXBuildFile; fileRef = F504972127E65727002A44CA /* Crowd_SourceUITests.swift */; };
		F504972427E65727002A44CA /* Crowd_SourceUITestsLaunchTests.swift in Sources */ = {isa = PBXBuildFile; fileRef = F504972327E65727002A44CA /* Crowd_SourceUITestsLaunchTests.swift */; };
		F527212C2802102E0013F61A /* FeedViewController.swift in Sources */ = {isa = PBXBuildFile; fileRef = F527212B2802102E0013F61A /* FeedViewController.swift */; };
		F527212E280210CC0013F61A /* RatingCell.swift in Sources */ = {isa = PBXBuildFile; fileRef = F527212D280210CC0013F61A /* RatingCell.swift */; };
		F5272130280210D90013F61A /* PollingCell.swift in Sources */ = {isa = PBXBuildFile; fileRef = F527212F280210D90013F61A /* PollingCell.swift */; };
/* End PBXBuildFile section */

/* Begin PBXContainerItemProxy section */
		F504971427E65727002A44CA /* PBXContainerItemProxy */ = {
			isa = PBXContainerItemProxy;
			containerPortal = F50496F527E65723002A44CA /* Project object */;
			proxyType = 1;
			remoteGlobalIDString = F50496FC27E65723002A44CA;
			remoteInfo = Crowd_Source;
		};
		F504971E27E65727002A44CA /* PBXContainerItemProxy */ = {
			isa = PBXContainerItemProxy;
			containerPortal = F50496F527E65723002A44CA /* Project object */;
			proxyType = 1;
			remoteGlobalIDString = F50496FC27E65723002A44CA;
			remoteInfo = Crowd_Source;
		};
/* End PBXContainerItemProxy section */

/* Begin PBXFileReference section */
		1FFED26900C75D4F4D90DFB6 /* Pods_Crowd_Source_Crowd_SourceUITests.framework */ = {isa = PBXFileReference; explicitFileType = wrapper.framework; includeInIndex = 0; path = Pods_Crowd_Source_Crowd_SourceUITests.framework; sourceTree = BUILT_PRODUCTS_DIR; };
		358D8B3DEA3E6F3093A50CEA /* Pods_Crowd_Source.framework */ = {isa = PBXFileReference; explicitFileType = wrapper.framework; includeInIndex = 0; path = Pods_Crowd_Source.framework; sourceTree = BUILT_PRODUCTS_DIR; };
		5BE97525A91784ADC5E8BAD4 /* Pods-Crowd_Source.debug.xcconfig */ = {isa = PBXFileReference; includeInIndex = 1; lastKnownFileType = text.xcconfig; name = "Pods-Crowd_Source.debug.xcconfig"; path = "Target Support Files/Pods-Crowd_Source/Pods-Crowd_Source.debug.xcconfig"; sourceTree = "<group>"; };
		7003A0754EBA2CEF15E07318 /* Pods-Crowd_Source.release.xcconfig */ = {isa = PBXFileReference; includeInIndex = 1; lastKnownFileType = text.xcconfig; name = "Pods-Crowd_Source.release.xcconfig"; path = "Target Support Files/Pods-Crowd_Source/Pods-Crowd_Source.release.xcconfig"; sourceTree = "<group>"; };
		7728411BF096F419A3DC284E /* Pods-Crowd_SourceTests.debug.xcconfig */ = {isa = PBXFileReference; includeInIndex = 1; lastKnownFileType = text.xcconfig; name = "Pods-Crowd_SourceTests.debug.xcconfig"; path = "Target Support Files/Pods-Crowd_SourceTests/Pods-Crowd_SourceTests.debug.xcconfig"; sourceTree = "<group>"; };
		806D4EE22808958E006A781F /* ProfileViewController.swift */ = {isa = PBXFileReference; lastKnownFileType = sourcecode.swift; path = ProfileViewController.swift; sourceTree = "<group>"; };
		80ECF8D427FE0D83004102B4 /* LoginViewController.swift */ = {isa = PBXFileReference; lastKnownFileType = sourcecode.swift; path = LoginViewController.swift; sourceTree = "<group>"; };
		A518CC7B3ABEAC236F9A9B4E /* Pods-Crowd_SourceTests.release.xcconfig */ = {isa = PBXFileReference; includeInIndex = 1; lastKnownFileType = text.xcconfig; name = "Pods-Crowd_SourceTests.release.xcconfig"; path = "Target Support Files/Pods-Crowd_SourceTests/Pods-Crowd_SourceTests.release.xcconfig"; sourceTree = "<group>"; };
		A6EB0085281D49B348531F73 /* Pods-Crowd_Source-Crowd_SourceUITests.release.xcconfig */ = {isa = PBXFileReference; includeInIndex = 1; lastKnownFileType = text.xcconfig; name = "Pods-Crowd_Source-Crowd_SourceUITests.release.xcconfig"; path = "Target Support Files/Pods-Crowd_Source-Crowd_SourceUITests/Pods-Crowd_Source-Crowd_SourceUITests.release.xcconfig"; sourceTree = "<group>"; };
		C2EE8010D0B1B0A8EDCC5FB9 /* Pods-Crowd_Source-Crowd_SourceUITests.debug.xcconfig */ = {isa = PBXFileReference; includeInIndex = 1; lastKnownFileType = text.xcconfig; name = "Pods-Crowd_Source-Crowd_SourceUITests.debug.xcconfig"; path = "Target Support Files/Pods-Crowd_Source-Crowd_SourceUITests/Pods-Crowd_Source-Crowd_SourceUITests.debug.xcconfig"; sourceTree = "<group>"; };
		F0546D8C3B94126D7F4E5C60 /* Pods_Crowd_SourceTests.framework */ = {isa = PBXFileReference; explicitFileType = wrapper.framework; includeInIndex = 0; path = Pods_Crowd_SourceTests.framework; sourceTree = BUILT_PRODUCTS_DIR; };
		F50496FD27E65723002A44CA /* Crowd_Source.app */ = {isa = PBXFileReference; explicitFileType = wrapper.application; includeInIndex = 0; path = Crowd_Source.app; sourceTree = BUILT_PRODUCTS_DIR; };
		F504970027E65723002A44CA /* AppDelegate.swift */ = {isa = PBXFileReference; lastKnownFileType = sourcecode.swift; path = AppDelegate.swift; sourceTree = "<group>"; };
		F504970227E65723002A44CA /* SceneDelegate.swift */ = {isa = PBXFileReference; lastKnownFileType = sourcecode.swift; path = SceneDelegate.swift; sourceTree = "<group>"; };
		F504970427E65723002A44CA /* ViewController.swift */ = {isa = PBXFileReference; lastKnownFileType = sourcecode.swift; path = ViewController.swift; sourceTree = "<group>"; };
		F504970727E65723002A44CA /* Base */ = {isa = PBXFileReference; lastKnownFileType = file.storyboard; name = Base; path = Base.lproj/Main.storyboard; sourceTree = "<group>"; };
		F504970927E65726002A44CA /* Assets.xcassets */ = {isa = PBXFileReference; lastKnownFileType = folder.assetcatalog; path = Assets.xcassets; sourceTree = "<group>"; };
		F504970C27E65726002A44CA /* Base */ = {isa = PBXFileReference; lastKnownFileType = file.storyboard; name = Base; path = Base.lproj/LaunchScreen.storyboard; sourceTree = "<group>"; };
		F504970E27E65726002A44CA /* Info.plist */ = {isa = PBXFileReference; lastKnownFileType = text.plist.xml; path = Info.plist; sourceTree = "<group>"; };
		F504971327E65727002A44CA /* Crowd_SourceTests.xctest */ = {isa = PBXFileReference; explicitFileType = wrapper.cfbundle; includeInIndex = 0; path = Crowd_SourceTests.xctest; sourceTree = BUILT_PRODUCTS_DIR; };
		F504971727E65727002A44CA /* Crowd_SourceTests.swift */ = {isa = PBXFileReference; lastKnownFileType = sourcecode.swift; path = Crowd_SourceTests.swift; sourceTree = "<group>"; };
		F504971D27E65727002A44CA /* Crowd_SourceUITests.xctest */ = {isa = PBXFileReference; explicitFileType = wrapper.cfbundle; includeInIndex = 0; path = Crowd_SourceUITests.xctest; sourceTree = BUILT_PRODUCTS_DIR; };
		F504972127E65727002A44CA /* Crowd_SourceUITests.swift */ = {isa = PBXFileReference; lastKnownFileType = sourcecode.swift; path = Crowd_SourceUITests.swift; sourceTree = "<group>"; };
		F504972327E65727002A44CA /* Crowd_SourceUITestsLaunchTests.swift */ = {isa = PBXFileReference; lastKnownFileType = sourcecode.swift; path = Crowd_SourceUITestsLaunchTests.swift; sourceTree = "<group>"; };
		F527212B2802102E0013F61A /* FeedViewController.swift */ = {isa = PBXFileReference; lastKnownFileType = sourcecode.swift; path = FeedViewController.swift; sourceTree = "<group>"; };
		F527212D280210CC0013F61A /* RatingCell.swift */ = {isa = PBXFileReference; lastKnownFileType = sourcecode.swift; path = RatingCell.swift; sourceTree = "<group>"; };
		F527212F280210D90013F61A /* PollingCell.swift */ = {isa = PBXFileReference; lastKnownFileType = sourcecode.swift; path = PollingCell.swift; sourceTree = "<group>"; };
/* End PBXFileReference section */

/* Begin PBXFrameworksBuildPhase section */
		F50496FA27E65723002A44CA /* Frameworks */ = {
			isa = PBXFrameworksBuildPhase;
			buildActionMask = 2147483647;
			files = (
				A8E4A89A13E648883ABD97E1 /* Pods_Crowd_Source.framework in Frameworks */,
			);
			runOnlyForDeploymentPostprocessing = 0;
		};
		F504971027E65727002A44CA /* Frameworks */ = {
			isa = PBXFrameworksBuildPhase;
			buildActionMask = 2147483647;
			files = (
				C3D7B6E940637AE89B6D42AF /* Pods_Crowd_SourceTests.framework in Frameworks */,
			);
			runOnlyForDeploymentPostprocessing = 0;
		};
		F504971A27E65727002A44CA /* Frameworks */ = {
			isa = PBXFrameworksBuildPhase;
			buildActionMask = 2147483647;
			files = (
				5BF65BE47DA4C578AC58E4B6 /* Pods_Crowd_Source_Crowd_SourceUITests.framework in Frameworks */,
			);
			runOnlyForDeploymentPostprocessing = 0;
		};
/* End PBXFrameworksBuildPhase section */

/* Begin PBXGroup section */
		24D027A0F8CFD7C785BB8EA1 /* Frameworks */ = {
			isa = PBXGroup;
			children = (
				358D8B3DEA3E6F3093A50CEA /* Pods_Crowd_Source.framework */,
				1FFED26900C75D4F4D90DFB6 /* Pods_Crowd_Source_Crowd_SourceUITests.framework */,
				F0546D8C3B94126D7F4E5C60 /* Pods_Crowd_SourceTests.framework */,
			);
			name = Frameworks;
			sourceTree = "<group>";
		};
		B34C97149A6A8E0840E3837B /* Pods */ = {
			isa = PBXGroup;
			children = (
				5BE97525A91784ADC5E8BAD4 /* Pods-Crowd_Source.debug.xcconfig */,
				7003A0754EBA2CEF15E07318 /* Pods-Crowd_Source.release.xcconfig */,
				C2EE8010D0B1B0A8EDCC5FB9 /* Pods-Crowd_Source-Crowd_SourceUITests.debug.xcconfig */,
				A6EB0085281D49B348531F73 /* Pods-Crowd_Source-Crowd_SourceUITests.release.xcconfig */,
				7728411BF096F419A3DC284E /* Pods-Crowd_SourceTests.debug.xcconfig */,
				A518CC7B3ABEAC236F9A9B4E /* Pods-Crowd_SourceTests.release.xcconfig */,
			);
			path = Pods;
			sourceTree = "<group>";
		};
		F50496F427E65723002A44CA = {
			isa = PBXGroup;
			children = (
				F50496FF27E65723002A44CA /* Crowd_Source */,
				F504971627E65727002A44CA /* Crowd_SourceTests */,
				F504972027E65727002A44CA /* Crowd_SourceUITests */,
				F50496FE27E65723002A44CA /* Products */,
				B34C97149A6A8E0840E3837B /* Pods */,
				24D027A0F8CFD7C785BB8EA1 /* Frameworks */,
			);
			sourceTree = "<group>";
		};
		F50496FE27E65723002A44CA /* Products */ = {
			isa = PBXGroup;
			children = (
				F50496FD27E65723002A44CA /* Crowd_Source.app */,
				F504971327E65727002A44CA /* Crowd_SourceTests.xctest */,
				F504971D27E65727002A44CA /* Crowd_SourceUITests.xctest */,
			);
			name = Products;
			sourceTree = "<group>";
		};
		F50496FF27E65723002A44CA /* Crowd_Source */ = {
			isa = PBXGroup;
			children = (
				F504970027E65723002A44CA /* AppDelegate.swift */,
				F504970227E65723002A44CA /* SceneDelegate.swift */,
				F504970427E65723002A44CA /* ViewController.swift */,
				F504970627E65723002A44CA /* Main.storyboard */,
				F504970927E65726002A44CA /* Assets.xcassets */,
				F504970B27E65726002A44CA /* LaunchScreen.storyboard */,
				F504970E27E65726002A44CA /* Info.plist */,
				80ECF8D427FE0D83004102B4 /* LoginViewController.swift */,
				806D4EE22808958E006A781F /* ProfileViewController.swift */,
				F527212B2802102E0013F61A /* FeedViewController.swift */,
				F527212D280210CC0013F61A /* RatingCell.swift */,
				F527212F280210D90013F61A /* PollingCell.swift */,
			);
			path = Crowd_Source;
			sourceTree = "<group>";
		};
		F504971627E65727002A44CA /* Crowd_SourceTests */ = {
			isa = PBXGroup;
			children = (
				F504971727E65727002A44CA /* Crowd_SourceTests.swift */,
			);
			path = Crowd_SourceTests;
			sourceTree = "<group>";
		};
		F504972027E65727002A44CA /* Crowd_SourceUITests */ = {
			isa = PBXGroup;
			children = (
				F504972127E65727002A44CA /* Crowd_SourceUITests.swift */,
				F504972327E65727002A44CA /* Crowd_SourceUITestsLaunchTests.swift */,
			);
			path = Crowd_SourceUITests;
			sourceTree = "<group>";
		};
/* End PBXGroup section */

/* Begin PBXNativeTarget section */
		F50496FC27E65723002A44CA /* Crowd_Source */ = {
			isa = PBXNativeTarget;
			buildConfigurationList = F504972727E65727002A44CA /* Build configuration list for PBXNativeTarget "Crowd_Source" */;
			buildPhases = (
				6A8FEDF85C11C4128227211D /* [CP] Check Pods Manifest.lock */,
				F50496F927E65723002A44CA /* Sources */,
				F50496FA27E65723002A44CA /* Frameworks */,
				F50496FB27E65723002A44CA /* Resources */,
				36D97CF9516C479B7D0B2C9C /* [CP] Embed Pods Frameworks */,
			);
			buildRules = (
			);
			dependencies = (
			);
			name = Crowd_Source;
			productName = Crowd_Source;
			productReference = F50496FD27E65723002A44CA /* Crowd_Source.app */;
			productType = "com.apple.product-type.application";
		};
		F504971227E65727002A44CA /* Crowd_SourceTests */ = {
			isa = PBXNativeTarget;
			buildConfigurationList = F504972A27E65727002A44CA /* Build configuration list for PBXNativeTarget "Crowd_SourceTests" */;
			buildPhases = (
				B565E4C98898EA49B588974C /* [CP] Check Pods Manifest.lock */,
				F504970F27E65727002A44CA /* Sources */,
				F504971027E65727002A44CA /* Frameworks */,
				F504971127E65727002A44CA /* Resources */,
			);
			buildRules = (
			);
			dependencies = (
				F504971527E65727002A44CA /* PBXTargetDependency */,
			);
			name = Crowd_SourceTests;
			productName = Crowd_SourceTests;
			productReference = F504971327E65727002A44CA /* Crowd_SourceTests.xctest */;
			productType = "com.apple.product-type.bundle.unit-test";
		};
		F504971C27E65727002A44CA /* Crowd_SourceUITests */ = {
			isa = PBXNativeTarget;
			buildConfigurationList = F504972D27E65727002A44CA /* Build configuration list for PBXNativeTarget "Crowd_SourceUITests" */;
			buildPhases = (
				CC2CBCF952F3D934A49B46B3 /* [CP] Check Pods Manifest.lock */,
				F504971927E65727002A44CA /* Sources */,
				F504971A27E65727002A44CA /* Frameworks */,
				F504971B27E65727002A44CA /* Resources */,
				AE5285C16AC902C8A43C966A /* [CP] Embed Pods Frameworks */,
			);
			buildRules = (
			);
			dependencies = (
				F504971F27E65727002A44CA /* PBXTargetDependency */,
			);
			name = Crowd_SourceUITests;
			productName = Crowd_SourceUITests;
			productReference = F504971D27E65727002A44CA /* Crowd_SourceUITests.xctest */;
			productType = "com.apple.product-type.bundle.ui-testing";
		};
/* End PBXNativeTarget section */

/* Begin PBXProject section */
		F50496F527E65723002A44CA /* Project object */ = {
			isa = PBXProject;
			attributes = {
				BuildIndependentTargetsInParallel = 1;
				LastSwiftUpdateCheck = 1320;
				LastUpgradeCheck = 1320;
				TargetAttributes = {
					F50496FC27E65723002A44CA = {
						CreatedOnToolsVersion = 13.2;
					};
					F504971227E65727002A44CA = {
						CreatedOnToolsVersion = 13.2;
						TestTargetID = F50496FC27E65723002A44CA;
					};
					F504971C27E65727002A44CA = {
						CreatedOnToolsVersion = 13.2;
						TestTargetID = F50496FC27E65723002A44CA;
					};
				};
			};
			buildConfigurationList = F50496F827E65723002A44CA /* Build configuration list for PBXProject "Crowd_Source" */;
			compatibilityVersion = "Xcode 13.0";
			developmentRegion = en;
			hasScannedForEncodings = 0;
			knownRegions = (
				en,
				Base,
			);
			mainGroup = F50496F427E65723002A44CA;
			productRefGroup = F50496FE27E65723002A44CA /* Products */;
			projectDirPath = "";
			projectRoot = "";
			targets = (
				F50496FC27E65723002A44CA /* Crowd_Source */,
				F504971227E65727002A44CA /* Crowd_SourceTests */,
				F504971C27E65727002A44CA /* Crowd_SourceUITests */,
			);
		};
/* End PBXProject section */

/* Begin PBXResourcesBuildPhase section */
		F50496FB27E65723002A44CA /* Resources */ = {
			isa = PBXResourcesBuildPhase;
			buildActionMask = 2147483647;
			files = (
				F504970D27E65726002A44CA /* LaunchScreen.storyboard in Resources */,
				F504970A27E65726002A44CA /* Assets.xcassets in Resources */,
				F504970827E65723002A44CA /* Main.storyboard in Resources */,
			);
			runOnlyForDeploymentPostprocessing = 0;
		};
		F504971127E65727002A44CA /* Resources */ = {
			isa = PBXResourcesBuildPhase;
			buildActionMask = 2147483647;
			files = (
			);
			runOnlyForDeploymentPostprocessing = 0;
		};
		F504971B27E65727002A44CA /* Resources */ = {
			isa = PBXResourcesBuildPhase;
			buildActionMask = 2147483647;
			files = (
			);
			runOnlyForDeploymentPostprocessing = 0;
		};
/* End PBXResourcesBuildPhase section */

/* Begin PBXShellScriptBuildPhase section */
		36D97CF9516C479B7D0B2C9C /* [CP] Embed Pods Frameworks */ = {
			isa = PBXShellScriptBuildPhase;
			buildActionMask = 2147483647;
			files = (
			);
			inputFileListPaths = (
				"${PODS_ROOT}/Target Support Files/Pods-Crowd_Source/Pods-Crowd_Source-frameworks-${CONFIGURATION}-input-files.xcfilelist",
			);
			name = "[CP] Embed Pods Frameworks";
			outputFileListPaths = (
				"${PODS_ROOT}/Target Support Files/Pods-Crowd_Source/Pods-Crowd_Source-frameworks-${CONFIGURATION}-output-files.xcfilelist",
			);
			runOnlyForDeploymentPostprocessing = 0;
			shellPath = /bin/sh;
			shellScript = "\"${PODS_ROOT}/Target Support Files/Pods-Crowd_Source/Pods-Crowd_Source-frameworks.sh\"\n";
			showEnvVarsInLog = 0;
		};
		6A8FEDF85C11C4128227211D /* [CP] Check Pods Manifest.lock */ = {
			isa = PBXShellScriptBuildPhase;
			buildActionMask = 2147483647;
			files = (
			);
			inputFileListPaths = (
			);
			inputPaths = (
				"${PODS_PODFILE_DIR_PATH}/Podfile.lock",
				"${PODS_ROOT}/Manifest.lock",
			);
			name = "[CP] Check Pods Manifest.lock";
			outputFileListPaths = (
			);
			outputPaths = (
				"$(DERIVED_FILE_DIR)/Pods-Crowd_Source-checkManifestLockResult.txt",
			);
			runOnlyForDeploymentPostprocessing = 0;
			shellPath = /bin/sh;
			shellScript = "diff \"${PODS_PODFILE_DIR_PATH}/Podfile.lock\" \"${PODS_ROOT}/Manifest.lock\" > /dev/null\nif [ $? != 0 ] ; then\n    # print error to STDERR\n    echo \"error: The sandbox is not in sync with the Podfile.lock. Run 'pod install' or update your CocoaPods installation.\" >&2\n    exit 1\nfi\n# This output is used by Xcode 'outputs' to avoid re-running this script phase.\necho \"SUCCESS\" > \"${SCRIPT_OUTPUT_FILE_0}\"\n";
			showEnvVarsInLog = 0;
		};
		AE5285C16AC902C8A43C966A /* [CP] Embed Pods Frameworks */ = {
			isa = PBXShellScriptBuildPhase;
			buildActionMask = 2147483647;
			files = (
			);
			inputFileListPaths = (
				"${PODS_ROOT}/Target Support Files/Pods-Crowd_Source-Crowd_SourceUITests/Pods-Crowd_Source-Crowd_SourceUITests-frameworks-${CONFIGURATION}-input-files.xcfilelist",
			);
			name = "[CP] Embed Pods Frameworks";
			outputFileListPaths = (
				"${PODS_ROOT}/Target Support Files/Pods-Crowd_Source-Crowd_SourceUITests/Pods-Crowd_Source-Crowd_SourceUITests-frameworks-${CONFIGURATION}-output-files.xcfilelist",
			);
			runOnlyForDeploymentPostprocessing = 0;
			shellPath = /bin/sh;
			shellScript = "\"${PODS_ROOT}/Target Support Files/Pods-Crowd_Source-Crowd_SourceUITests/Pods-Crowd_Source-Crowd_SourceUITests-frameworks.sh\"\n";
			showEnvVarsInLog = 0;
		};
		B565E4C98898EA49B588974C /* [CP] Check Pods Manifest.lock */ = {
			isa = PBXShellScriptBuildPhase;
			buildActionMask = 2147483647;
			files = (
			);
			inputFileListPaths = (
			);
			inputPaths = (
				"${PODS_PODFILE_DIR_PATH}/Podfile.lock",
				"${PODS_ROOT}/Manifest.lock",
			);
			name = "[CP] Check Pods Manifest.lock";
			outputFileListPaths = (
			);
			outputPaths = (
				"$(DERIVED_FILE_DIR)/Pods-Crowd_SourceTests-checkManifestLockResult.txt",
			);
			runOnlyForDeploymentPostprocessing = 0;
			shellPath = /bin/sh;
			shellScript = "diff \"${PODS_PODFILE_DIR_PATH}/Podfile.lock\" \"${PODS_ROOT}/Manifest.lock\" > /dev/null\nif [ $? != 0 ] ; then\n    # print error to STDERR\n    echo \"error: The sandbox is not in sync with the Podfile.lock. Run 'pod install' or update your CocoaPods installation.\" >&2\n    exit 1\nfi\n# This output is used by Xcode 'outputs' to avoid re-running this script phase.\necho \"SUCCESS\" > \"${SCRIPT_OUTPUT_FILE_0}\"\n";
			showEnvVarsInLog = 0;
		};
		CC2CBCF952F3D934A49B46B3 /* [CP] Check Pods Manifest.lock */ = {
			isa = PBXShellScriptBuildPhase;
			buildActionMask = 2147483647;
			files = (
			);
			inputFileListPaths = (
			);
			inputPaths = (
				"${PODS_PODFILE_DIR_PATH}/Podfile.lock",
				"${PODS_ROOT}/Manifest.lock",
			);
			name = "[CP] Check Pods Manifest.lock";
			outputFileListPaths = (
			);
			outputPaths = (
				"$(DERIVED_FILE_DIR)/Pods-Crowd_Source-Crowd_SourceUITests-checkManifestLockResult.txt",
			);
			runOnlyForDeploymentPostprocessing = 0;
			shellPath = /bin/sh;
			shellScript = "diff \"${PODS_PODFILE_DIR_PATH}/Podfile.lock\" \"${PODS_ROOT}/Manifest.lock\" > /dev/null\nif [ $? != 0 ] ; then\n    # print error to STDERR\n    echo \"error: The sandbox is not in sync with the Podfile.lock. Run 'pod install' or update your CocoaPods installation.\" >&2\n    exit 1\nfi\n# This output is used by Xcode 'outputs' to avoid re-running this script phase.\necho \"SUCCESS\" > \"${SCRIPT_OUTPUT_FILE_0}\"\n";
			showEnvVarsInLog = 0;
		};
/* End PBXShellScriptBuildPhase section */

/* Begin PBXSourcesBuildPhase section */
		F50496F927E65723002A44CA /* Sources */ = {
			isa = PBXSourcesBuildPhase;
			buildActionMask = 2147483647;
			files = (
				F527212E280210CC0013F61A /* RatingCell.swift in Sources */,
				80ECF8D527FE0D83004102B4 /* LoginViewController.swift in Sources */,
				F504970527E65723002A44CA /* ViewController.swift in Sources */,
				806D4EE32808958E006A781F /* ProfileViewController.swift in Sources */,
				F527212C2802102E0013F61A /* FeedViewController.swift in Sources */,
				F504970127E65723002A44CA /* AppDelegate.swift in Sources */,
				F504970327E65723002A44CA /* SceneDelegate.swift in Sources */,
				F5272130280210D90013F61A /* PollingCell.swift in Sources */,
			);
			runOnlyForDeploymentPostprocessing = 0;
		};
		F504970F27E65727002A44CA /* Sources */ = {
			isa = PBXSourcesBuildPhase;
			buildActionMask = 2147483647;
			files = (
				F504971827E65727002A44CA /* Crowd_SourceTests.swift in Sources */,
			);
			runOnlyForDeploymentPostprocessing = 0;
		};
		F504971927E65727002A44CA /* Sources */ = {
			isa = PBXSourcesBuildPhase;
			buildActionMask = 2147483647;
			files = (
				F504972227E65727002A44CA /* Crowd_SourceUITests.swift in Sources */,
				F504972427E65727002A44CA /* Crowd_SourceUITestsLaunchTests.swift in Sources */,
			);
			runOnlyForDeploymentPostprocessing = 0;
		};
/* End PBXSourcesBuildPhase section */

/* Begin PBXTargetDependency section */
		F504971527E65727002A44CA /* PBXTargetDependency */ = {
			isa = PBXTargetDependency;
			target = F50496FC27E65723002A44CA /* Crowd_Source */;
			targetProxy = F504971427E65727002A44CA /* PBXContainerItemProxy */;
		};
		F504971F27E65727002A44CA /* PBXTargetDependency */ = {
			isa = PBXTargetDependency;
			target = F50496FC27E65723002A44CA /* Crowd_Source */;
			targetProxy = F504971E27E65727002A44CA /* PBXContainerItemProxy */;
		};
/* End PBXTargetDependency section */

/* Begin PBXVariantGroup section */
		F504970627E65723002A44CA /* Main.storyboard */ = {
			isa = PBXVariantGroup;
			children = (
				F504970727E65723002A44CA /* Base */,
			);
			name = Main.storyboard;
			sourceTree = "<group>";
		};
		F504970B27E65726002A44CA /* LaunchScreen.storyboard */ = {
			isa = PBXVariantGroup;
			children = (
				F504970C27E65726002A44CA /* Base */,
			);
			name = LaunchScreen.storyboard;
			sourceTree = "<group>";
		};
/* End PBXVariantGroup section */

/* Begin XCBuildConfiguration section */
		F504972527E65727002A44CA /* Debug */ = {
			isa = XCBuildConfiguration;
			buildSettings = {
				ALWAYS_SEARCH_USER_PATHS = NO;
				CLANG_ANALYZER_NONNULL = YES;
				CLANG_ANALYZER_NUMBER_OBJECT_CONVERSION = YES_AGGRESSIVE;
				CLANG_CXX_LANGUAGE_STANDARD = "gnu++17";
				CLANG_CXX_LIBRARY = "libc++";
				CLANG_ENABLE_MODULES = YES;
				CLANG_ENABLE_OBJC_ARC = YES;
				CLANG_ENABLE_OBJC_WEAK = YES;
				CLANG_WARN_BLOCK_CAPTURE_AUTORELEASING = YES;
				CLANG_WARN_BOOL_CONVERSION = YES;
				CLANG_WARN_COMMA = YES;
				CLANG_WARN_CONSTANT_CONVERSION = YES;
				CLANG_WARN_DEPRECATED_OBJC_IMPLEMENTATIONS = YES;
				CLANG_WARN_DIRECT_OBJC_ISA_USAGE = YES_ERROR;
				CLANG_WARN_DOCUMENTATION_COMMENTS = YES;
				CLANG_WARN_EMPTY_BODY = YES;
				CLANG_WARN_ENUM_CONVERSION = YES;
				CLANG_WARN_INFINITE_RECURSION = YES;
				CLANG_WARN_INT_CONVERSION = YES;
				CLANG_WARN_NON_LITERAL_NULL_CONVERSION = YES;
				CLANG_WARN_OBJC_IMPLICIT_RETAIN_SELF = YES;
				CLANG_WARN_OBJC_LITERAL_CONVERSION = YES;
				CLANG_WARN_OBJC_ROOT_CLASS = YES_ERROR;
				CLANG_WARN_QUOTED_INCLUDE_IN_FRAMEWORK_HEADER = YES;
				CLANG_WARN_RANGE_LOOP_ANALYSIS = YES;
				CLANG_WARN_STRICT_PROTOTYPES = YES;
				CLANG_WARN_SUSPICIOUS_MOVE = YES;
				CLANG_WARN_UNGUARDED_AVAILABILITY = YES_AGGRESSIVE;
				CLANG_WARN_UNREACHABLE_CODE = YES;
				CLANG_WARN__DUPLICATE_METHOD_MATCH = YES;
				COPY_PHASE_STRIP = NO;
				DEBUG_INFORMATION_FORMAT = dwarf;
				ENABLE_STRICT_OBJC_MSGSEND = YES;
				ENABLE_TESTABILITY = YES;
				GCC_C_LANGUAGE_STANDARD = gnu11;
				GCC_DYNAMIC_NO_PIC = NO;
				GCC_NO_COMMON_BLOCKS = YES;
				GCC_OPTIMIZATION_LEVEL = 0;
				GCC_PREPROCESSOR_DEFINITIONS = (
					"DEBUG=1",
					"$(inherited)",
				);
				GCC_WARN_64_TO_32_BIT_CONVERSION = YES;
				GCC_WARN_ABOUT_RETURN_TYPE = YES_ERROR;
				GCC_WARN_UNDECLARED_SELECTOR = YES;
				GCC_WARN_UNINITIALIZED_AUTOS = YES_AGGRESSIVE;
				GCC_WARN_UNUSED_FUNCTION = YES;
				GCC_WARN_UNUSED_VARIABLE = YES;
				IPHONEOS_DEPLOYMENT_TARGET = 15.2;
				MTL_ENABLE_DEBUG_INFO = INCLUDE_SOURCE;
				MTL_FAST_MATH = YES;
				ONLY_ACTIVE_ARCH = YES;
				SDKROOT = iphoneos;
				SWIFT_ACTIVE_COMPILATION_CONDITIONS = DEBUG;
				SWIFT_OPTIMIZATION_LEVEL = "-Onone";
			};
			name = Debug;
		};
		F504972627E65727002A44CA /* Release */ = {
			isa = XCBuildConfiguration;
			buildSettings = {
				ALWAYS_SEARCH_USER_PATHS = NO;
				CLANG_ANALYZER_NONNULL = YES;
				CLANG_ANALYZER_NUMBER_OBJECT_CONVERSION = YES_AGGRESSIVE;
				CLANG_CXX_LANGUAGE_STANDARD = "gnu++17";
				CLANG_CXX_LIBRARY = "libc++";
				CLANG_ENABLE_MODULES = YES;
				CLANG_ENABLE_OBJC_ARC = YES;
				CLANG_ENABLE_OBJC_WEAK = YES;
				CLANG_WARN_BLOCK_CAPTURE_AUTORELEASING = YES;
				CLANG_WARN_BOOL_CONVERSION = YES;
				CLANG_WARN_COMMA = YES;
				CLANG_WARN_CONSTANT_CONVERSION = YES;
				CLANG_WARN_DEPRECATED_OBJC_IMPLEMENTATIONS = YES;
				CLANG_WARN_DIRECT_OBJC_ISA_USAGE = YES_ERROR;
				CLANG_WARN_DOCUMENTATION_COMMENTS = YES;
				CLANG_WARN_EMPTY_BODY = YES;
				CLANG_WARN_ENUM_CONVERSION = YES;
				CLANG_WARN_INFINITE_RECURSION = YES;
				CLANG_WARN_INT_CONVERSION = YES;
				CLANG_WARN_NON_LITERAL_NULL_CONVERSION = YES;
				CLANG_WARN_OBJC_IMPLICIT_RETAIN_SELF = YES;
				CLANG_WARN_OBJC_LITERAL_CONVERSION = YES;
				CLANG_WARN_OBJC_ROOT_CLASS = YES_ERROR;
				CLANG_WARN_QUOTED_INCLUDE_IN_FRAMEWORK_HEADER = YES;
				CLANG_WARN_RANGE_LOOP_ANALYSIS = YES;
				CLANG_WARN_STRICT_PROTOTYPES = YES;
				CLANG_WARN_SUSPICIOUS_MOVE = YES;
				CLANG_WARN_UNGUARDED_AVAILABILITY = YES_AGGRESSIVE;
				CLANG_WARN_UNREACHABLE_CODE = YES;
				CLANG_WARN__DUPLICATE_METHOD_MATCH = YES;
				COPY_PHASE_STRIP = NO;
				DEBUG_INFORMATION_FORMAT = "dwarf-with-dsym";
				ENABLE_NS_ASSERTIONS = NO;
				ENABLE_STRICT_OBJC_MSGSEND = YES;
				GCC_C_LANGUAGE_STANDARD = gnu11;
				GCC_NO_COMMON_BLOCKS = YES;
				GCC_WARN_64_TO_32_BIT_CONVERSION = YES;
				GCC_WARN_ABOUT_RETURN_TYPE = YES_ERROR;
				GCC_WARN_UNDECLARED_SELECTOR = YES;
				GCC_WARN_UNINITIALIZED_AUTOS = YES_AGGRESSIVE;
				GCC_WARN_UNUSED_FUNCTION = YES;
				GCC_WARN_UNUSED_VARIABLE = YES;
				IPHONEOS_DEPLOYMENT_TARGET = 15.2;
				MTL_ENABLE_DEBUG_INFO = NO;
				MTL_FAST_MATH = YES;
				SDKROOT = iphoneos;
				SWIFT_COMPILATION_MODE = wholemodule;
				SWIFT_OPTIMIZATION_LEVEL = "-O";
				VALIDATE_PRODUCT = YES;
			};
			name = Release;
		};
		F504972827E65727002A44CA /* Debug */ = {
			isa = XCBuildConfiguration;
			baseConfigurationReference = 5BE97525A91784ADC5E8BAD4 /* Pods-Crowd_Source.debug.xcconfig */;
			buildSettings = {
				ASSETCATALOG_COMPILER_APPICON_NAME = AppIcon;
				ASSETCATALOG_COMPILER_GLOBAL_ACCENT_COLOR_NAME = AccentColor;
				CODE_SIGN_STYLE = Automatic;
				CURRENT_PROJECT_VERSION = 1;
				DEVELOPMENT_TEAM = 9H23AHC3R7;
				GENERATE_INFOPLIST_FILE = YES;
				INFOPLIST_FILE = Crowd_Source/Info.plist;
				INFOPLIST_KEY_UIApplicationSupportsIndirectInputEvents = YES;
				INFOPLIST_KEY_UILaunchStoryboardName = LaunchScreen;
				INFOPLIST_KEY_UIMainStoryboardFile = Main;
				INFOPLIST_KEY_UISupportedInterfaceOrientations_iPad = "UIInterfaceOrientationPortrait UIInterfaceOrientationPortraitUpsideDown UIInterfaceOrientationLandscapeLeft UIInterfaceOrientationLandscapeRight";
				INFOPLIST_KEY_UISupportedInterfaceOrientations_iPhone = "UIInterfaceOrientationPortrait UIInterfaceOrientationLandscapeLeft UIInterfaceOrientationLandscapeRight";
				LD_RUNPATH_SEARCH_PATHS = (
					"$(inherited)",
					"@executable_path/Frameworks",
				);
				MARKETING_VERSION = 1.0;
				PRODUCT_BUNDLE_IDENTIFIER = "com.rykwong.Crowd-Source";
				PRODUCT_NAME = "$(TARGET_NAME)";
				SWIFT_EMIT_LOC_STRINGS = YES;
				SWIFT_VERSION = 5.0;
				TARGETED_DEVICE_FAMILY = "1,2";
			};
			name = Debug;
		};
		F504972927E65727002A44CA /* Release */ = {
			isa = XCBuildConfiguration;
			baseConfigurationReference = 7003A0754EBA2CEF15E07318 /* Pods-Crowd_Source.release.xcconfig */;
			buildSettings = {
				ASSETCATALOG_COMPILER_APPICON_NAME = AppIcon;
				ASSETCATALOG_COMPILER_GLOBAL_ACCENT_COLOR_NAME = AccentColor;
				CODE_SIGN_STYLE = Automatic;
				CURRENT_PROJECT_VERSION = 1;
				DEVELOPMENT_TEAM = 9H23AHC3R7;
				GENERATE_INFOPLIST_FILE = YES;
				INFOPLIST_FILE = Crowd_Source/Info.plist;
				INFOPLIST_KEY_UIApplicationSupportsIndirectInputEvents = YES;
				INFOPLIST_KEY_UILaunchStoryboardName = LaunchScreen;
				INFOPLIST_KEY_UIMainStoryboardFile = Main;
				INFOPLIST_KEY_UISupportedInterfaceOrientations_iPad = "UIInterfaceOrientationPortrait UIInterfaceOrientationPortraitUpsideDown UIInterfaceOrientationLandscapeLeft UIInterfaceOrientationLandscapeRight";
				INFOPLIST_KEY_UISupportedInterfaceOrientations_iPhone = "UIInterfaceOrientationPortrait UIInterfaceOrientationLandscapeLeft UIInterfaceOrientationLandscapeRight";
				LD_RUNPATH_SEARCH_PATHS = (
					"$(inherited)",
					"@executable_path/Frameworks",
				);
				MARKETING_VERSION = 1.0;
				PRODUCT_BUNDLE_IDENTIFIER = "com.rykwong.Crowd-Source";
				PRODUCT_NAME = "$(TARGET_NAME)";
				SWIFT_EMIT_LOC_STRINGS = YES;
				SWIFT_VERSION = 5.0;
				TARGETED_DEVICE_FAMILY = "1,2";
			};
			name = Release;
		};
		F504972B27E65727002A44CA /* Debug */ = {
			isa = XCBuildConfiguration;
			baseConfigurationReference = 7728411BF096F419A3DC284E /* Pods-Crowd_SourceTests.debug.xcconfig */;
			buildSettings = {
				ALWAYS_EMBED_SWIFT_STANDARD_LIBRARIES = YES;
				BUNDLE_LOADER = "$(TEST_HOST)";
				CODE_SIGN_STYLE = Automatic;
				CURRENT_PROJECT_VERSION = 1;
				DEVELOPMENT_TEAM = 9H23AHC3R7;
				GENERATE_INFOPLIST_FILE = YES;
				IPHONEOS_DEPLOYMENT_TARGET = 15.2;
				MARKETING_VERSION = 1.0;
				PRODUCT_BUNDLE_IDENTIFIER = "com.rykwong.Crowd-SourceTests";
				PRODUCT_NAME = "$(TARGET_NAME)";
				SWIFT_EMIT_LOC_STRINGS = NO;
				SWIFT_VERSION = 5.0;
				TARGETED_DEVICE_FAMILY = "1,2";
				TEST_HOST = "$(BUILT_PRODUCTS_DIR)/Crowd_Source.app/Crowd_Source";
			};
			name = Debug;
		};
		F504972C27E65727002A44CA /* Release */ = {
			isa = XCBuildConfiguration;
			baseConfigurationReference = A518CC7B3ABEAC236F9A9B4E /* Pods-Crowd_SourceTests.release.xcconfig */;
			buildSettings = {
				ALWAYS_EMBED_SWIFT_STANDARD_LIBRARIES = YES;
				BUNDLE_LOADER = "$(TEST_HOST)";
				CODE_SIGN_STYLE = Automatic;
				CURRENT_PROJECT_VERSION = 1;
				DEVELOPMENT_TEAM = 9H23AHC3R7;
				GENERATE_INFOPLIST_FILE = YES;
				IPHONEOS_DEPLOYMENT_TARGET = 15.2;
				MARKETING_VERSION = 1.0;
				PRODUCT_BUNDLE_IDENTIFIER = "com.rykwong.Crowd-SourceTests";
				PRODUCT_NAME = "$(TARGET_NAME)";
				SWIFT_EMIT_LOC_STRINGS = NO;
				SWIFT_VERSION = 5.0;
				TARGETED_DEVICE_FAMILY = "1,2";
				TEST_HOST = "$(BUILT_PRODUCTS_DIR)/Crowd_Source.app/Crowd_Source";
			};
			name = Release;
		};
		F504972E27E65727002A44CA /* Debug */ = {
			isa = XCBuildConfiguration;
			baseConfigurationReference = C2EE8010D0B1B0A8EDCC5FB9 /* Pods-Crowd_Source-Crowd_SourceUITests.debug.xcconfig */;
			buildSettings = {
				ALWAYS_EMBED_SWIFT_STANDARD_LIBRARIES = YES;
				CODE_SIGN_STYLE = Automatic;
				CURRENT_PROJECT_VERSION = 1;
				DEVELOPMENT_TEAM = 9H23AHC3R7;
				GENERATE_INFOPLIST_FILE = YES;
				MARKETING_VERSION = 1.0;
				PRODUCT_BUNDLE_IDENTIFIER = "com.rykwong.Crowd-SourceUITests";
				PRODUCT_NAME = "$(TARGET_NAME)";
				SWIFT_EMIT_LOC_STRINGS = NO;
				SWIFT_VERSION = 5.0;
				TARGETED_DEVICE_FAMILY = "1,2";
				TEST_TARGET_NAME = Crowd_Source;
			};
			name = Debug;
		};
		F504972F27E65727002A44CA /* Release */ = {
			isa = XCBuildConfiguration;
			baseConfigurationReference = A6EB0085281D49B348531F73 /* Pods-Crowd_Source-Crowd_SourceUITests.release.xcconfig */;
			buildSettings = {
				ALWAYS_EMBED_SWIFT_STANDARD_LIBRARIES = YES;
				CODE_SIGN_STYLE = Automatic;
				CURRENT_PROJECT_VERSION = 1;
				DEVELOPMENT_TEAM = 9H23AHC3R7;
				GENERATE_INFOPLIST_FILE = YES;
				MARKETING_VERSION = 1.0;
				PRODUCT_BUNDLE_IDENTIFIER = "com.rykwong.Crowd-SourceUITests";
				PRODUCT_NAME = "$(TARGET_NAME)";
				SWIFT_EMIT_LOC_STRINGS = NO;
				SWIFT_VERSION = 5.0;
				TARGETED_DEVICE_FAMILY = "1,2";
				TEST_TARGET_NAME = Crowd_Source;
			};
			name = Release;
		};
/* End XCBuildConfiguration section */

/* Begin XCConfigurationList section */
		F50496F827E65723002A44CA /* Build configuration list for PBXProject "Crowd_Source" */ = {
			isa = XCConfigurationList;
			buildConfigurations = (
				F504972527E65727002A44CA /* Debug */,
				F504972627E65727002A44CA /* Release */,
			);
			defaultConfigurationIsVisible = 0;
			defaultConfigurationName = Release;
		};
		F504972727E65727002A44CA /* Build configuration list for PBXNativeTarget "Crowd_Source" */ = {
			isa = XCConfigurationList;
			buildConfigurations = (
				F504972827E65727002A44CA /* Debug */,
				F504972927E65727002A44CA /* Release */,
			);
			defaultConfigurationIsVisible = 0;
			defaultConfigurationName = Release;
		};
		F504972A27E65727002A44CA /* Build configuration list for PBXNativeTarget "Crowd_SourceTests" */ = {
			isa = XCConfigurationList;
			buildConfigurations = (
				F504972B27E65727002A44CA /* Debug */,
				F504972C27E65727002A44CA /* Release */,
			);
			defaultConfigurationIsVisible = 0;
			defaultConfigurationName = Release;
		};
		F504972D27E65727002A44CA /* Build configuration list for PBXNativeTarget "Crowd_SourceUITests" */ = {
			isa = XCConfigurationList;
			buildConfigurations = (
				F504972E27E65727002A44CA /* Debug */,
				F504972F27E65727002A44CA /* Release */,
			);
			defaultConfigurationIsVisible = 0;
			defaultConfigurationName = Release;
		};
/* End XCConfigurationList section */
	};
	rootObject = F50496F527E65723002A44CA /* Project object */;
}
